// !$*UTF8*$!
{
	archiveVersion = 1;
	classes = {
	};
	objectVersion = 51;
	objects = {

/* Begin PBXBuildFile section */
		5303A8A456A9C2B877475F70 /* Pods_TabBarCoordinatorApp.framework in Frameworks */ = {isa = PBXBuildFile; fileRef = F568596E2B1F7737CDB7ABDD /* Pods_TabBarCoordinatorApp.framework */; };
		A0668B1A26D6D62800832A6C /* AuthenticationService.swift in Sources */ = {isa = PBXBuildFile; fileRef = A0668B1926D6D62800832A6C /* AuthenticationService.swift */; };
		A0668B1D26D6D65D00832A6C /* ConnectivityService.swift in Sources */ = {isa = PBXBuildFile; fileRef = A0668B1C26D6D65D00832A6C /* ConnectivityService.swift */; };
		A0668B4026D6DAB700832A6C /* ServiceFactory.swift in Sources */ = {isa = PBXBuildFile; fileRef = A0668B3F26D6DAB700832A6C /* ServiceFactory.swift */; };
		A0668B7226D8EE1600832A6C /* DataService.swift in Sources */ = {isa = PBXBuildFile; fileRef = A0668B7026D8EE1600832A6C /* DataService.swift */; };
		A0668B7726D8EEAF00832A6C /* TestService.swift in Sources */ = {isa = PBXBuildFile; fileRef = A0668B7626D8EEAE00832A6C /* TestService.swift */; };
		A0BB5B1B26DBE7EF00D023C5 /* NetworkMonitor.swift in Sources */ = {isa = PBXBuildFile; fileRef = A0BB5B1A26DBE7EF00D023C5 /* NetworkMonitor.swift */; };
		A0E26D5B26D6D34200E38385 /* GoogleService-Info.plist in Resources */ = {isa = PBXBuildFile; fileRef = A0E26D5A26D6D34200E38385 /* GoogleService-Info.plist */; };
		C531231526D3D0A20051F61F /* ConstraintsExtension.swift in Sources */ = {isa = PBXBuildFile; fileRef = C531231426D3D0A20051F61F /* ConstraintsExtension.swift */; };
		C531231826D3D10F0051F61F /* CreateUserView.swift in Sources */ = {isa = PBXBuildFile; fileRef = C531231726D3D10F0051F61F /* CreateUserView.swift */; };
		C531231A26D3D4E10051F61F /* LoginView.swift in Sources */ = {isa = PBXBuildFile; fileRef = C531231926D3D4E10051F61F /* LoginView.swift */; };
		C531231C26D3E0030051F61F /* HomeView.swift in Sources */ = {isa = PBXBuildFile; fileRef = C531231B26D3E0030051F61F /* HomeView.swift */; };
		C531232026D4CDC80051F61F /* CreateUserViewModel.swift in Sources */ = {isa = PBXBuildFile; fileRef = C531231F26D4CDC80051F61F /* CreateUserViewModel.swift */; };
		C531232426D4D2660051F61F /* EditView.swift in Sources */ = {isa = PBXBuildFile; fileRef = C531232326D4D2660051F61F /* EditView.swift */; };
		C531232626D4D8470051F61F /* EditViewModel.swift in Sources */ = {isa = PBXBuildFile; fileRef = C531232526D4D8470051F61F /* EditViewModel.swift */; };
		C531232826D4E3120051F61F /* AboutView.swift in Sources */ = {isa = PBXBuildFile; fileRef = C531232726D4E3120051F61F /* AboutView.swift */; };
		C540CEA72591D4E500D67A3B /* RootCoordinator.swift in Sources */ = {isa = PBXBuildFile; fileRef = C540CEA62591D4E500D67A3B /* RootCoordinator.swift */; };
		C540CEBA2591F78E00D67A3B /* CreateUserViewController.swift in Sources */ = {isa = PBXBuildFile; fileRef = C540CEB92591F78E00D67A3B /* CreateUserViewController.swift */; };
		C540CEBD2591FBB900D67A3B /* LoginViewModel.swift in Sources */ = {isa = PBXBuildFile; fileRef = C540CEBC2591FBB900D67A3B /* LoginViewModel.swift */; };
		C540CEC4259216E700D67A3B /* CreateUserViewController.storyboard in Resources */ = {isa = PBXBuildFile; fileRef = C540CEC3259216E700D67A3B /* CreateUserViewController.storyboard */; };
		C540CECE25921E6F00D67A3B /* EditViewController.swift in Sources */ = {isa = PBXBuildFile; fileRef = C540CECD25921E6F00D67A3B /* EditViewController.swift */; };
		C540CED125921ED500D67A3B /* EditViewController.storyboard in Resources */ = {isa = PBXBuildFile; fileRef = C540CED025921ED500D67A3B /* EditViewController.storyboard */; };
		C5B1BE1D26E0E26600579339 /* NotePersistanceService.swift in Sources */ = {isa = PBXBuildFile; fileRef = C5B1BE1C26E0E26600579339 /* NotePersistanceService.swift */; };
		C5B2501525934E280060F942 /* MainCoordintor.swift in Sources */ = {isa = PBXBuildFile; fileRef = C5B2501425934E280060F942 /* MainCoordintor.swift */; };
		C5B25018259351C80060F942 /* HomeCoordinator.swift in Sources */ = {isa = PBXBuildFile; fileRef = C5B25017259351C80060F942 /* HomeCoordinator.swift */; };
		C5B25026259397E80060F942 /* HomeViewModel.swift in Sources */ = {isa = PBXBuildFile; fileRef = C5B25025259397E80060F942 /* HomeViewModel.swift */; };
		C5B2502A25939DB90060F942 /* AboutViewModel.swift in Sources */ = {isa = PBXBuildFile; fileRef = C5B2502925939DB90060F942 /* AboutViewModel.swift */; };
		C5B41D8B2594A68B001E6767 /* AboutCoordinator.swift in Sources */ = {isa = PBXBuildFile; fileRef = C5B41D8A2594A68B001E6767 /* AboutCoordinator.swift */; };
		C5B88DDB26D6867D00BCBA9E /* AuthCoordinator.swift in Sources */ = {isa = PBXBuildFile; fileRef = C5B88DDA26D6867D00BCBA9E /* AuthCoordinator.swift */; };
		C5B88DE326DE3CAD00BCBA9E /* NotesCoordinator.swift in Sources */ = {isa = PBXBuildFile; fileRef = C5B88DE226DE3CAD00BCBA9E /* NotesCoordinator.swift */; };
		C5B88DE526DE3D2D00BCBA9E /* NotesViewController.swift in Sources */ = {isa = PBXBuildFile; fileRef = C5B88DE426DE3D2D00BCBA9E /* NotesViewController.swift */; };
		C5B88DE726DE3D3900BCBA9E /* NotesView.swift in Sources */ = {isa = PBXBuildFile; fileRef = C5B88DE626DE3D3900BCBA9E /* NotesView.swift */; };
		C5B88DE926DE3D4900BCBA9E /* NotesViewModel.swift in Sources */ = {isa = PBXBuildFile; fileRef = C5B88DE826DE3D4900BCBA9E /* NotesViewModel.swift */; };
		C5B88DED26DE3F6E00BCBA9E /* NotesTableViewCell.swift in Sources */ = {isa = PBXBuildFile; fileRef = C5B88DEB26DE3F6E00BCBA9E /* NotesTableViewCell.swift */; };
		C5B88DEE26DE3F6E00BCBA9E /* NotesTableViewCell.xib in Resources */ = {isa = PBXBuildFile; fileRef = C5B88DEC26DE3F6E00BCBA9E /* NotesTableViewCell.xib */; };
		C5B88DF026DE5B6A00BCBA9E /* Note.swift in Sources */ = {isa = PBXBuildFile; fileRef = C5B88DEF26DE5B6A00BCBA9E /* Note.swift */; };
		C5B88DF326DE5D8400BCBA9E /* AddNoteView.swift in Sources */ = {isa = PBXBuildFile; fileRef = C5B88DF226DE5D8400BCBA9E /* AddNoteView.swift */; };
		C5B88DF526DE5DC000BCBA9E /* AddNoteViewController.swift in Sources */ = {isa = PBXBuildFile; fileRef = C5B88DF426DE5DC000BCBA9E /* AddNoteViewController.swift */; };
		C5B88DF726DE5DCF00BCBA9E /* AddNoteViewModel.swift in Sources */ = {isa = PBXBuildFile; fileRef = C5B88DF626DE5DCF00BCBA9E /* AddNoteViewModel.swift */; };
		C5B88DFB26DE896E00BCBA9E /* DateExtension.swift in Sources */ = {isa = PBXBuildFile; fileRef = C5B88DFA26DE896E00BCBA9E /* DateExtension.swift */; };
		C5BDBC752590A1B8003543B1 /* AppDelegate.swift in Sources */ = {isa = PBXBuildFile; fileRef = C5BDBC742590A1B8003543B1 /* AppDelegate.swift */; };
		C5BDBC772590A1B8003543B1 /* SceneDelegate.swift in Sources */ = {isa = PBXBuildFile; fileRef = C5BDBC762590A1B8003543B1 /* SceneDelegate.swift */; };
		C5BDBC792590A1B8003543B1 /* ViewController.swift in Sources */ = {isa = PBXBuildFile; fileRef = C5BDBC782590A1B8003543B1 /* ViewController.swift */; };
		C5BDBC7C2590A1B8003543B1 /* Main.storyboard in Resources */ = {isa = PBXBuildFile; fileRef = C5BDBC7A2590A1B8003543B1 /* Main.storyboard */; };
		C5BDBC7E2590A1B9003543B1 /* Assets.xcassets in Resources */ = {isa = PBXBuildFile; fileRef = C5BDBC7D2590A1B9003543B1 /* Assets.xcassets */; };
		C5BDBC812590A1B9003543B1 /* LaunchScreen.storyboard in Resources */ = {isa = PBXBuildFile; fileRef = C5BDBC7F2590A1B9003543B1 /* LaunchScreen.storyboard */; };
		C5BDBC8A2590A1E4003543B1 /* Coordinator.swift in Sources */ = {isa = PBXBuildFile; fileRef = C5BDBC892590A1E4003543B1 /* Coordinator.swift */; };
		C5BDBC992590A532003543B1 /* HomeViewController.swift in Sources */ = {isa = PBXBuildFile; fileRef = C5BDBC982590A532003543B1 /* HomeViewController.swift */; };
		C5BDBCA02590A5D2003543B1 /* AboutViewController.swift in Sources */ = {isa = PBXBuildFile; fileRef = C5BDBC9F2590A5D2003543B1 /* AboutViewController.swift */; };
		C5BDBCB12590AEF2003543B1 /* UIViewControllerExtension.swift in Sources */ = {isa = PBXBuildFile; fileRef = C5BDBCB02590AEF2003543B1 /* UIViewControllerExtension.swift */; };
		C5BDBCB52590BDCD003543B1 /* HomeViewController.storyboard in Resources */ = {isa = PBXBuildFile; fileRef = C5BDBCB42590BDCD003543B1 /* HomeViewController.storyboard */; };
		C5BDBCB82590BDF2003543B1 /* AboutViewController.storyboard in Resources */ = {isa = PBXBuildFile; fileRef = C5BDBCB72590BDF2003543B1 /* AboutViewController.storyboard */; };
		C5C394D92590C911004782B7 /* LoginViewController.swift in Sources */ = {isa = PBXBuildFile; fileRef = C5C394D82590C911004782B7 /* LoginViewController.swift */; };
		C5C394E62590D0EF004782B7 /* LoginViewController.storyboard in Resources */ = {isa = PBXBuildFile; fileRef = C5C394E52590D0EF004782B7 /* LoginViewController.storyboard */; };
		C5C394EA2590EA65004782B7 /* User.swift in Sources */ = {isa = PBXBuildFile; fileRef = C5C394E92590EA65004782B7 /* User.swift */; };
		EBB735C026D6634B00185C1B /* TypeAliases.swift in Sources */ = {isa = PBXBuildFile; fileRef = EBB735BF26D6634B00185C1B /* TypeAliases.swift */; };
/* End PBXBuildFile section */

/* Begin PBXFileReference section */
		A0668B1926D6D62800832A6C /* AuthenticationService.swift */ = {isa = PBXFileReference; lastKnownFileType = sourcecode.swift; path = AuthenticationService.swift; sourceTree = "<group>"; };
		A0668B1C26D6D65D00832A6C /* ConnectivityService.swift */ = {isa = PBXFileReference; fileEncoding = 4; lastKnownFileType = sourcecode.swift; path = ConnectivityService.swift; sourceTree = "<group>"; };
		A0668B3F26D6DAB700832A6C /* ServiceFactory.swift */ = {isa = PBXFileReference; lastKnownFileType = sourcecode.swift; path = ServiceFactory.swift; sourceTree = "<group>"; };
		A0668B7026D8EE1600832A6C /* DataService.swift */ = {isa = PBXFileReference; fileEncoding = 4; lastKnownFileType = sourcecode.swift; path = DataService.swift; sourceTree = "<group>"; };
		A0668B7626D8EEAE00832A6C /* TestService.swift */ = {isa = PBXFileReference; fileEncoding = 4; lastKnownFileType = sourcecode.swift; path = TestService.swift; sourceTree = "<group>"; };
		A0BB5B1A26DBE7EF00D023C5 /* NetworkMonitor.swift */ = {isa = PBXFileReference; lastKnownFileType = sourcecode.swift; path = NetworkMonitor.swift; sourceTree = "<group>"; };
		A0E26D5A26D6D34200E38385 /* GoogleService-Info.plist */ = {isa = PBXFileReference; fileEncoding = 4; lastKnownFileType = text.plist.xml; path = "GoogleService-Info.plist"; sourceTree = "<group>"; };
		ADDAC08A9640B3AC4A176B31 /* Pods-TabBarCoordinatorApp.debug.xcconfig */ = {isa = PBXFileReference; includeInIndex = 1; lastKnownFileType = text.xcconfig; name = "Pods-TabBarCoordinatorApp.debug.xcconfig"; path = "Target Support Files/Pods-TabBarCoordinatorApp/Pods-TabBarCoordinatorApp.debug.xcconfig"; sourceTree = "<group>"; };
		C531231426D3D0A20051F61F /* ConstraintsExtension.swift */ = {isa = PBXFileReference; fileEncoding = 4; lastKnownFileType = sourcecode.swift; path = ConstraintsExtension.swift; sourceTree = "<group>"; };
		C531231726D3D10F0051F61F /* CreateUserView.swift */ = {isa = PBXFileReference; lastKnownFileType = sourcecode.swift; path = CreateUserView.swift; sourceTree = "<group>"; };
		C531231926D3D4E10051F61F /* LoginView.swift */ = {isa = PBXFileReference; lastKnownFileType = sourcecode.swift; path = LoginView.swift; sourceTree = "<group>"; };
		C531231B26D3E0030051F61F /* HomeView.swift */ = {isa = PBXFileReference; lastKnownFileType = sourcecode.swift; path = HomeView.swift; sourceTree = "<group>"; };
		C531231F26D4CDC80051F61F /* CreateUserViewModel.swift */ = {isa = PBXFileReference; lastKnownFileType = sourcecode.swift; path = CreateUserViewModel.swift; sourceTree = "<group>"; };
		C531232326D4D2660051F61F /* EditView.swift */ = {isa = PBXFileReference; lastKnownFileType = sourcecode.swift; path = EditView.swift; sourceTree = "<group>"; };
		C531232526D4D8470051F61F /* EditViewModel.swift */ = {isa = PBXFileReference; lastKnownFileType = sourcecode.swift; path = EditViewModel.swift; sourceTree = "<group>"; };
		C531232726D4E3120051F61F /* AboutView.swift */ = {isa = PBXFileReference; lastKnownFileType = sourcecode.swift; path = AboutView.swift; sourceTree = "<group>"; };
		C540CEA62591D4E500D67A3B /* RootCoordinator.swift */ = {isa = PBXFileReference; lastKnownFileType = sourcecode.swift; path = RootCoordinator.swift; sourceTree = "<group>"; };
		C540CEB92591F78E00D67A3B /* CreateUserViewController.swift */ = {isa = PBXFileReference; lastKnownFileType = sourcecode.swift; path = CreateUserViewController.swift; sourceTree = "<group>"; };
		C540CEBC2591FBB900D67A3B /* LoginViewModel.swift */ = {isa = PBXFileReference; lastKnownFileType = sourcecode.swift; path = LoginViewModel.swift; sourceTree = "<group>"; };
		C540CEC3259216E700D67A3B /* CreateUserViewController.storyboard */ = {isa = PBXFileReference; lastKnownFileType = file.storyboard; path = CreateUserViewController.storyboard; sourceTree = "<group>"; };
		C540CECD25921E6F00D67A3B /* EditViewController.swift */ = {isa = PBXFileReference; lastKnownFileType = sourcecode.swift; path = EditViewController.swift; sourceTree = "<group>"; };
		C540CED025921ED500D67A3B /* EditViewController.storyboard */ = {isa = PBXFileReference; lastKnownFileType = file.storyboard; path = EditViewController.storyboard; sourceTree = "<group>"; };
		C5B1BE1C26E0E26600579339 /* NotePersistanceService.swift */ = {isa = PBXFileReference; lastKnownFileType = sourcecode.swift; path = NotePersistanceService.swift; sourceTree = "<group>"; };
		C5B2501425934E280060F942 /* MainCoordintor.swift */ = {isa = PBXFileReference; lastKnownFileType = sourcecode.swift; path = MainCoordintor.swift; sourceTree = "<group>"; };
		C5B25017259351C80060F942 /* HomeCoordinator.swift */ = {isa = PBXFileReference; lastKnownFileType = sourcecode.swift; path = HomeCoordinator.swift; sourceTree = "<group>"; };
		C5B25025259397E80060F942 /* HomeViewModel.swift */ = {isa = PBXFileReference; lastKnownFileType = sourcecode.swift; path = HomeViewModel.swift; sourceTree = "<group>"; };
		C5B2502925939DB90060F942 /* AboutViewModel.swift */ = {isa = PBXFileReference; lastKnownFileType = sourcecode.swift; path = AboutViewModel.swift; sourceTree = "<group>"; };
		C5B41D8A2594A68B001E6767 /* AboutCoordinator.swift */ = {isa = PBXFileReference; lastKnownFileType = sourcecode.swift; path = AboutCoordinator.swift; sourceTree = "<group>"; };
		C5B88DDA26D6867D00BCBA9E /* AuthCoordinator.swift */ = {isa = PBXFileReference; lastKnownFileType = sourcecode.swift; path = AuthCoordinator.swift; sourceTree = "<group>"; };
		C5B88DE226DE3CAD00BCBA9E /* NotesCoordinator.swift */ = {isa = PBXFileReference; lastKnownFileType = sourcecode.swift; path = NotesCoordinator.swift; sourceTree = "<group>"; };
		C5B88DE426DE3D2D00BCBA9E /* NotesViewController.swift */ = {isa = PBXFileReference; lastKnownFileType = sourcecode.swift; path = NotesViewController.swift; sourceTree = "<group>"; };
		C5B88DE626DE3D3900BCBA9E /* NotesView.swift */ = {isa = PBXFileReference; lastKnownFileType = sourcecode.swift; path = NotesView.swift; sourceTree = "<group>"; };
		C5B88DE826DE3D4900BCBA9E /* NotesViewModel.swift */ = {isa = PBXFileReference; lastKnownFileType = sourcecode.swift; path = NotesViewModel.swift; sourceTree = "<group>"; };
		C5B88DEB26DE3F6E00BCBA9E /* NotesTableViewCell.swift */ = {isa = PBXFileReference; lastKnownFileType = sourcecode.swift; path = NotesTableViewCell.swift; sourceTree = "<group>"; };
		C5B88DEC26DE3F6E00BCBA9E /* NotesTableViewCell.xib */ = {isa = PBXFileReference; lastKnownFileType = file.xib; path = NotesTableViewCell.xib; sourceTree = "<group>"; };
		C5B88DEF26DE5B6A00BCBA9E /* Note.swift */ = {isa = PBXFileReference; lastKnownFileType = sourcecode.swift; path = Note.swift; sourceTree = "<group>"; };
		C5B88DF226DE5D8400BCBA9E /* AddNoteView.swift */ = {isa = PBXFileReference; lastKnownFileType = sourcecode.swift; path = AddNoteView.swift; sourceTree = "<group>"; };
		C5B88DF426DE5DC000BCBA9E /* AddNoteViewController.swift */ = {isa = PBXFileReference; lastKnownFileType = sourcecode.swift; path = AddNoteViewController.swift; sourceTree = "<group>"; };
		C5B88DF626DE5DCF00BCBA9E /* AddNoteViewModel.swift */ = {isa = PBXFileReference; lastKnownFileType = sourcecode.swift; path = AddNoteViewModel.swift; sourceTree = "<group>"; };
		C5B88DFA26DE896E00BCBA9E /* DateExtension.swift */ = {isa = PBXFileReference; lastKnownFileType = sourcecode.swift; path = DateExtension.swift; sourceTree = "<group>"; };
		C5BDBC712590A1B8003543B1 /* TabBarCoordinatorApp.app */ = {isa = PBXFileReference; explicitFileType = wrapper.application; includeInIndex = 0; path = TabBarCoordinatorApp.app; sourceTree = BUILT_PRODUCTS_DIR; };
		C5BDBC742590A1B8003543B1 /* AppDelegate.swift */ = {isa = PBXFileReference; lastKnownFileType = sourcecode.swift; path = AppDelegate.swift; sourceTree = "<group>"; };
		C5BDBC762590A1B8003543B1 /* SceneDelegate.swift */ = {isa = PBXFileReference; lastKnownFileType = sourcecode.swift; path = SceneDelegate.swift; sourceTree = "<group>"; };
		C5BDBC782590A1B8003543B1 /* ViewController.swift */ = {isa = PBXFileReference; lastKnownFileType = sourcecode.swift; path = ViewController.swift; sourceTree = "<group>"; };
		C5BDBC7B2590A1B8003543B1 /* Base */ = {isa = PBXFileReference; lastKnownFileType = file.storyboard; name = Base; path = Base.lproj/Main.storyboard; sourceTree = "<group>"; };
		C5BDBC7D2590A1B9003543B1 /* Assets.xcassets */ = {isa = PBXFileReference; lastKnownFileType = folder.assetcatalog; path = Assets.xcassets; sourceTree = "<group>"; };
		C5BDBC802590A1B9003543B1 /* Base */ = {isa = PBXFileReference; lastKnownFileType = file.storyboard; name = Base; path = Base.lproj/LaunchScreen.storyboard; sourceTree = "<group>"; };
		C5BDBC822590A1B9003543B1 /* Info.plist */ = {isa = PBXFileReference; lastKnownFileType = text.plist.xml; path = Info.plist; sourceTree = "<group>"; };
		C5BDBC892590A1E4003543B1 /* Coordinator.swift */ = {isa = PBXFileReference; lastKnownFileType = sourcecode.swift; path = Coordinator.swift; sourceTree = "<group>"; };
		C5BDBC982590A532003543B1 /* HomeViewController.swift */ = {isa = PBXFileReference; lastKnownFileType = sourcecode.swift; path = HomeViewController.swift; sourceTree = "<group>"; };
		C5BDBC9F2590A5D2003543B1 /* AboutViewController.swift */ = {isa = PBXFileReference; lastKnownFileType = sourcecode.swift; path = AboutViewController.swift; sourceTree = "<group>"; };
		C5BDBCB02590AEF2003543B1 /* UIViewControllerExtension.swift */ = {isa = PBXFileReference; lastKnownFileType = sourcecode.swift; path = UIViewControllerExtension.swift; sourceTree = "<group>"; };
		C5BDBCB42590BDCD003543B1 /* HomeViewController.storyboard */ = {isa = PBXFileReference; lastKnownFileType = file.storyboard; path = HomeViewController.storyboard; sourceTree = "<group>"; };
		C5BDBCB72590BDF2003543B1 /* AboutViewController.storyboard */ = {isa = PBXFileReference; lastKnownFileType = file.storyboard; path = AboutViewController.storyboard; sourceTree = "<group>"; };
		C5C394D82590C911004782B7 /* LoginViewController.swift */ = {isa = PBXFileReference; lastKnownFileType = sourcecode.swift; path = LoginViewController.swift; sourceTree = "<group>"; };
		C5C394E52590D0EF004782B7 /* LoginViewController.storyboard */ = {isa = PBXFileReference; lastKnownFileType = file.storyboard; path = LoginViewController.storyboard; sourceTree = "<group>"; };
		C5C394E92590EA65004782B7 /* User.swift */ = {isa = PBXFileReference; lastKnownFileType = sourcecode.swift; path = User.swift; sourceTree = "<group>"; };
		E6F62833C1AB050673AD1439 /* Pods-TabBarCoordinatorApp.release.xcconfig */ = {isa = PBXFileReference; includeInIndex = 1; lastKnownFileType = text.xcconfig; name = "Pods-TabBarCoordinatorApp.release.xcconfig"; path = "Target Support Files/Pods-TabBarCoordinatorApp/Pods-TabBarCoordinatorApp.release.xcconfig"; sourceTree = "<group>"; };
		EBB735BF26D6634B00185C1B /* TypeAliases.swift */ = {isa = PBXFileReference; lastKnownFileType = sourcecode.swift; path = TypeAliases.swift; sourceTree = "<group>"; };
		F568596E2B1F7737CDB7ABDD /* Pods_TabBarCoordinatorApp.framework */ = {isa = PBXFileReference; explicitFileType = wrapper.framework; includeInIndex = 0; path = Pods_TabBarCoordinatorApp.framework; sourceTree = BUILT_PRODUCTS_DIR; };
/* End PBXFileReference section */

/* Begin PBXFrameworksBuildPhase section */
		C5BDBC6E2590A1B8003543B1 /* Frameworks */ = {
			isa = PBXFrameworksBuildPhase;
			buildActionMask = 2147483647;
			files = (
				5303A8A456A9C2B877475F70 /* Pods_TabBarCoordinatorApp.framework in Frameworks */,
			);
			runOnlyForDeploymentPostprocessing = 0;
		};
/* End PBXFrameworksBuildPhase section */

/* Begin PBXGroup section */
		0B0388E768DE8108C6C2430E /* Frameworks */ = {
			isa = PBXGroup;
			children = (
				F568596E2B1F7737CDB7ABDD /* Pods_TabBarCoordinatorApp.framework */,
			);
			name = Frameworks;
			sourceTree = "<group>";
		};
		85944649BC0500653C05CBC5 /* Pods */ = {
			isa = PBXGroup;
			children = (
				ADDAC08A9640B3AC4A176B31 /* Pods-TabBarCoordinatorApp.debug.xcconfig */,
				E6F62833C1AB050673AD1439 /* Pods-TabBarCoordinatorApp.release.xcconfig */,
			);
			path = Pods;
			sourceTree = "<group>";
		};
		A0668B1826D6D60D00832A6C /* Services */ = {
			isa = PBXGroup;
			children = (
				A0668B1C26D6D65D00832A6C /* ConnectivityService.swift */,
				A0668B7026D8EE1600832A6C /* DataService.swift */,
				A0668B1926D6D62800832A6C /* AuthenticationService.swift */,
				A0668B3F26D6DAB700832A6C /* ServiceFactory.swift */,
				A0668B7626D8EEAE00832A6C /* TestService.swift */,
				A0BB5B1A26DBE7EF00D023C5 /* NetworkMonitor.swift */,
				C5B1BE1C26E0E26600579339 /* NotePersistanceService.swift */,
			);
			path = Services;
			sourceTree = "<group>";
		};
		C531231626D3D0D60051F61F /* Extensions */ = {
			isa = PBXGroup;
			children = (
				C5BDBCB02590AEF2003543B1 /* UIViewControllerExtension.swift */,
				C531231426D3D0A20051F61F /* ConstraintsExtension.swift */,
				C5B88DFA26DE896E00BCBA9E /* DateExtension.swift */,
			);
			path = Extensions;
			sourceTree = "<group>";
		};
		C531232126D4D04D0051F61F /* Model */ = {
			isa = PBXGroup;
			children = (
				C5C394E92590EA65004782B7 /* User.swift */,
				C5B88DEF26DE5B6A00BCBA9E /* Note.swift */,
			);
			path = Model;
			sourceTree = "<group>";
		};
		C531232226D4D06D0051F61F /* RootCoordinator */ = {
			isa = PBXGroup;
			children = (
				C5BDBC892590A1E4003543B1 /* Coordinator.swift */,
				C540CEA62591D4E500D67A3B /* RootCoordinator.swift */,
			);
			path = RootCoordinator;
			sourceTree = "<group>";
		};
		C540CEC1259216A600D67A3B /* Main */ = {
			isa = PBXGroup;
			children = (
				C5B2501425934E280060F942 /* MainCoordintor.swift */,
			);
			path = Main;
			sourceTree = "<group>";
		};
		C540CEC2259216C000D67A3B /* CreateUserVC */ = {
			isa = PBXGroup;
			children = (
				C531231F26D4CDC80051F61F /* CreateUserViewModel.swift */,
				C531231726D3D10F0051F61F /* CreateUserView.swift */,
				C540CEB92591F78E00D67A3B /* CreateUserViewController.swift */,
				C540CEC3259216E700D67A3B /* CreateUserViewController.storyboard */,
			);
			path = CreateUserVC;
			sourceTree = "<group>";
		};
		C540CEC625921D5E00D67A3B /* EditDetailsVC */ = {
			isa = PBXGroup;
			children = (
				C531232526D4D8470051F61F /* EditViewModel.swift */,
				C531232326D4D2660051F61F /* EditView.swift */,
				C540CECD25921E6F00D67A3B /* EditViewController.swift */,
				C540CED025921ED500D67A3B /* EditViewController.storyboard */,
			);
			path = EditDetailsVC;
			sourceTree = "<group>";
		};
		C5B88DD926D6863800BCBA9E /* AuthCoordinator */ = {
			isa = PBXGroup;
			children = (
				C5B88DDA26D6867D00BCBA9E /* AuthCoordinator.swift */,
			);
			path = AuthCoordinator;
			sourceTree = "<group>";
		};
		C5B88DDC26D7ABF500BCBA9E /* UI */ = {
			isa = PBXGroup;
			children = (
				C531232226D4D06D0051F61F /* RootCoordinator */,
				C5B88DD926D6863800BCBA9E /* AuthCoordinator */,
				C540CEC1259216A600D67A3B /* Main */,
				C540CEC2259216C000D67A3B /* CreateUserVC */,
				C5C394DB2590C925004782B7 /* LoginVC */,
				C5BDBCA22590A5FF003543B1 /* HomeVC */,
				C540CEC625921D5E00D67A3B /* EditDetailsVC */,
				C5B88DE126DE3C7C00BCBA9E /* NotesVC */,
				C5B88DF126DE5CBC00BCBA9E /* AddNoteVC */,
				C5BDBCA32590A605003543B1 /* AboutVC */,
			);
			path = UI;
			sourceTree = "<group>";
		};
		C5B88DDD26D7AC3500BCBA9E /* Common */ = {
			isa = PBXGroup;
			children = (
				C531231626D3D0D60051F61F /* Extensions */,
			);
			path = Common;
			sourceTree = "<group>";
		};
		C5B88DE126DE3C7C00BCBA9E /* NotesVC */ = {
			isa = PBXGroup;
			children = (
				C5B88DEA26DE3F3E00BCBA9E /* cell */,
				C5B88DE226DE3CAD00BCBA9E /* NotesCoordinator.swift */,
				C5B88DE826DE3D4900BCBA9E /* NotesViewModel.swift */,
				C5B88DE626DE3D3900BCBA9E /* NotesView.swift */,
				C5B88DE426DE3D2D00BCBA9E /* NotesViewController.swift */,
			);
			path = NotesVC;
			sourceTree = "<group>";
		};
		C5B88DEA26DE3F3E00BCBA9E /* cell */ = {
			isa = PBXGroup;
			children = (
				C5B88DEB26DE3F6E00BCBA9E /* NotesTableViewCell.swift */,
				C5B88DEC26DE3F6E00BCBA9E /* NotesTableViewCell.xib */,
			);
			path = cell;
			sourceTree = "<group>";
		};
		C5B88DF126DE5CBC00BCBA9E /* AddNoteVC */ = {
			isa = PBXGroup;
			children = (
				C5B88DF626DE5DCF00BCBA9E /* AddNoteViewModel.swift */,
				C5B88DF226DE5D8400BCBA9E /* AddNoteView.swift */,
				C5B88DF426DE5DC000BCBA9E /* AddNoteViewController.swift */,
			);
			path = AddNoteVC;
			sourceTree = "<group>";
		};
		C5BDBC682590A1B8003543B1 = {
			isa = PBXGroup;
			children = (
				EBB735BF26D6634B00185C1B /* TypeAliases.swift */,
				C5BDBC732590A1B8003543B1 /* TabBarCoordinatorApp */,
				C5BDBC722590A1B8003543B1 /* Products */,
				85944649BC0500653C05CBC5 /* Pods */,
				0B0388E768DE8108C6C2430E /* Frameworks */,
			);
			sourceTree = "<group>";
		};
		C5BDBC722590A1B8003543B1 /* Products */ = {
			isa = PBXGroup;
			children = (
				C5BDBC712590A1B8003543B1 /* TabBarCoordinatorApp.app */,
			);
			name = Products;
			sourceTree = "<group>";
		};
		C5BDBC732590A1B8003543B1 /* TabBarCoordinatorApp */ = {
			isa = PBXGroup;
			children = (
				C5BDBC742590A1B8003543B1 /* AppDelegate.swift */,
				C5BDBC762590A1B8003543B1 /* SceneDelegate.swift */,
				C531232126D4D04D0051F61F /* Model */,
				A0668B1826D6D60D00832A6C /* Services */,
				C5B88DDC26D7ABF500BCBA9E /* UI */,
				C5B88DDD26D7AC3500BCBA9E /* Common */,
				C5BDBC782590A1B8003543B1 /* ViewController.swift */,
				C5BDBC7A2590A1B8003543B1 /* Main.storyboard */,
				C5BDBC7D2590A1B9003543B1 /* Assets.xcassets */,
				C5BDBC7F2590A1B9003543B1 /* LaunchScreen.storyboard */,
				C5BDBC822590A1B9003543B1 /* Info.plist */,
				A0E26D5A26D6D34200E38385 /* GoogleService-Info.plist */,
			);
			path = TabBarCoordinatorApp;
			sourceTree = "<group>";
		};
		C5BDBCA22590A5FF003543B1 /* HomeVC */ = {
			isa = PBXGroup;
			children = (
				C5B25017259351C80060F942 /* HomeCoordinator.swift */,
				C5B25025259397E80060F942 /* HomeViewModel.swift */,
				C531231B26D3E0030051F61F /* HomeView.swift */,
				C5BDBC982590A532003543B1 /* HomeViewController.swift */,
				C5BDBCB42590BDCD003543B1 /* HomeViewController.storyboard */,
			);
			path = HomeVC;
			sourceTree = "<group>";
		};
		C5BDBCA32590A605003543B1 /* AboutVC */ = {
			isa = PBXGroup;
			children = (
				C5B41D8A2594A68B001E6767 /* AboutCoordinator.swift */,
				C5B2502925939DB90060F942 /* AboutViewModel.swift */,
				C531232726D4E3120051F61F /* AboutView.swift */,
				C5BDBC9F2590A5D2003543B1 /* AboutViewController.swift */,
				C5BDBCB72590BDF2003543B1 /* AboutViewController.storyboard */,
			);
			path = AboutVC;
			sourceTree = "<group>";
		};
		C5C394DB2590C925004782B7 /* LoginVC */ = {
			isa = PBXGroup;
			children = (
				C540CEBC2591FBB900D67A3B /* LoginViewModel.swift */,
				C531231926D3D4E10051F61F /* LoginView.swift */,
				C5C394D82590C911004782B7 /* LoginViewController.swift */,
				C5C394E52590D0EF004782B7 /* LoginViewController.storyboard */,
			);
			path = LoginVC;
			sourceTree = "<group>";
		};
/* End PBXGroup section */

/* Begin PBXNativeTarget section */
		C5BDBC702590A1B8003543B1 /* TabBarCoordinatorApp */ = {
			isa = PBXNativeTarget;
			buildConfigurationList = C5BDBC852590A1B9003543B1 /* Build configuration list for PBXNativeTarget "TabBarCoordinatorApp" */;
			buildPhases = (
				EE89AB6214B01C6797C70E6B /* [CP] Check Pods Manifest.lock */,
				C5BDBC6D2590A1B8003543B1 /* Sources */,
				C5BDBC6E2590A1B8003543B1 /* Frameworks */,
				C5BDBC6F2590A1B8003543B1 /* Resources */,
				60CB3DE9436D24A9485C4A9E /* [CP] Embed Pods Frameworks */,
			);
			buildRules = (
			);
			dependencies = (
			);
			name = TabBarCoordinatorApp;
			productName = TabBarCoordinatorApp;
			productReference = C5BDBC712590A1B8003543B1 /* TabBarCoordinatorApp.app */;
			productType = "com.apple.product-type.application";
		};
/* End PBXNativeTarget section */

/* Begin PBXProject section */
		C5BDBC692590A1B8003543B1 /* Project object */ = {
			isa = PBXProject;
			attributes = {
				LastSwiftUpdateCheck = 1220;
				LastUpgradeCheck = 1220;
				TargetAttributes = {
					C5BDBC702590A1B8003543B1 = {
						CreatedOnToolsVersion = 12.2;
					};
				};
			};
			buildConfigurationList = C5BDBC6C2590A1B8003543B1 /* Build configuration list for PBXProject "TabBarCoordinatorApp" */;
			compatibilityVersion = "Xcode 9.3";
			developmentRegion = en;
			hasScannedForEncodings = 0;
			knownRegions = (
				en,
				Base,
			);
			mainGroup = C5BDBC682590A1B8003543B1;
			productRefGroup = C5BDBC722590A1B8003543B1 /* Products */;
			projectDirPath = "";
			projectRoot = "";
			targets = (
				C5BDBC702590A1B8003543B1 /* TabBarCoordinatorApp */,
			);
		};
/* End PBXProject section */

/* Begin PBXResourcesBuildPhase section */
		C5BDBC6F2590A1B8003543B1 /* Resources */ = {
			isa = PBXResourcesBuildPhase;
			buildActionMask = 2147483647;
			files = (
				C5BDBCB52590BDCD003543B1 /* HomeViewController.storyboard in Resources */,
				C5BDBC812590A1B9003543B1 /* LaunchScreen.storyboard in Resources */,
				A0E26D5B26D6D34200E38385 /* GoogleService-Info.plist in Resources */,
				C5BDBCB82590BDF2003543B1 /* AboutViewController.storyboard in Resources */,
				C540CED125921ED500D67A3B /* EditViewController.storyboard in Resources */,
				C5B88DEE26DE3F6E00BCBA9E /* NotesTableViewCell.xib in Resources */,
				C540CEC4259216E700D67A3B /* CreateUserViewController.storyboard in Resources */,
				C5BDBC7E2590A1B9003543B1 /* Assets.xcassets in Resources */,
				C5C394E62590D0EF004782B7 /* LoginViewController.storyboard in Resources */,
				C5BDBC7C2590A1B8003543B1 /* Main.storyboard in Resources */,
			);
			runOnlyForDeploymentPostprocessing = 0;
		};
/* End PBXResourcesBuildPhase section */

/* Begin PBXShellScriptBuildPhase section */
		60CB3DE9436D24A9485C4A9E /* [CP] Embed Pods Frameworks */ = {
			isa = PBXShellScriptBuildPhase;
			buildActionMask = 2147483647;
			files = (
			);
			inputFileListPaths = (
				"${PODS_ROOT}/Target Support Files/Pods-TabBarCoordinatorApp/Pods-TabBarCoordinatorApp-frameworks-${CONFIGURATION}-input-files.xcfilelist",
			);
			name = "[CP] Embed Pods Frameworks";
			outputFileListPaths = (
				"${PODS_ROOT}/Target Support Files/Pods-TabBarCoordinatorApp/Pods-TabBarCoordinatorApp-frameworks-${CONFIGURATION}-output-files.xcfilelist",
			);
			runOnlyForDeploymentPostprocessing = 0;
			shellPath = /bin/sh;
			shellScript = "\"${PODS_ROOT}/Target Support Files/Pods-TabBarCoordinatorApp/Pods-TabBarCoordinatorApp-frameworks.sh\"\n";
			showEnvVarsInLog = 0;
		};
		EE89AB6214B01C6797C70E6B /* [CP] Check Pods Manifest.lock */ = {
			isa = PBXShellScriptBuildPhase;
			buildActionMask = 2147483647;
			files = (
			);
			inputFileListPaths = (
			);
			inputPaths = (
				"${PODS_PODFILE_DIR_PATH}/Podfile.lock",
				"${PODS_ROOT}/Manifest.lock",
			);
			name = "[CP] Check Pods Manifest.lock";
			outputFileListPaths = (
			);
			outputPaths = (
				"$(DERIVED_FILE_DIR)/Pods-TabBarCoordinatorApp-checkManifestLockResult.txt",
			);
			runOnlyForDeploymentPostprocessing = 0;
			shellPath = /bin/sh;
			shellScript = "diff \"${PODS_PODFILE_DIR_PATH}/Podfile.lock\" \"${PODS_ROOT}/Manifest.lock\" > /dev/null\nif [ $? != 0 ] ; then\n    # print error to STDERR\n    echo \"error: The sandbox is not in sync with the Podfile.lock. Run 'pod install' or update your CocoaPods installation.\" >&2\n    exit 1\nfi\n# This output is used by Xcode 'outputs' to avoid re-running this script phase.\necho \"SUCCESS\" > \"${SCRIPT_OUTPUT_FILE_0}\"\n";
			showEnvVarsInLog = 0;
		};
/* End PBXShellScriptBuildPhase section */

/* Begin PBXSourcesBuildPhase section */
		C5BDBC6D2590A1B8003543B1 /* Sources */ = {
			isa = PBXSourcesBuildPhase;
			buildActionMask = 2147483647;
			files = (
				C5B25026259397E80060F942 /* HomeViewModel.swift in Sources */,
				C540CECE25921E6F00D67A3B /* EditViewController.swift in Sources */,
				C5B2502A25939DB90060F942 /* AboutViewModel.swift in Sources */,
				C531231C26D3E0030051F61F /* HomeView.swift in Sources */,
				C5B1BE1D26E0E26600579339 /* NotePersistanceService.swift in Sources */,
				C531232826D4E3120051F61F /* AboutView.swift in Sources */,
				C5B41D8B2594A68B001E6767 /* AboutCoordinator.swift in Sources */,
				C531231526D3D0A20051F61F /* ConstraintsExtension.swift in Sources */,
				C540CEA72591D4E500D67A3B /* RootCoordinator.swift in Sources */,
				C531231A26D3D4E10051F61F /* LoginView.swift in Sources */,
				C5B2501525934E280060F942 /* MainCoordintor.swift in Sources */,
				A0BB5B1B26DBE7EF00D023C5 /* NetworkMonitor.swift in Sources */,
				C5B88DDB26D6867D00BCBA9E /* AuthCoordinator.swift in Sources */,
				A0668B4026D6DAB700832A6C /* ServiceFactory.swift in Sources */,
				C5B25018259351C80060F942 /* HomeCoordinator.swift in Sources */,
				C5B88DF526DE5DC000BCBA9E /* AddNoteViewController.swift in Sources */,
				C531232026D4CDC80051F61F /* CreateUserViewModel.swift in Sources */,
				C5BDBC8A2590A1E4003543B1 /* Coordinator.swift in Sources */,
				C5B88DFB26DE896E00BCBA9E /* DateExtension.swift in Sources */,
				C5C394D92590C911004782B7 /* LoginViewController.swift in Sources */,
				C5BDBC792590A1B8003543B1 /* ViewController.swift in Sources */,
				C5B88DE726DE3D3900BCBA9E /* NotesView.swift in Sources */,
				C5B88DF726DE5DCF00BCBA9E /* AddNoteViewModel.swift in Sources */,
				A0668B1A26D6D62800832A6C /* AuthenticationService.swift in Sources */,
				C5B88DED26DE3F6E00BCBA9E /* NotesTableViewCell.swift in Sources */,
				C5BDBCB12590AEF2003543B1 /* UIViewControllerExtension.swift in Sources */,
				A0668B1D26D6D65D00832A6C /* ConnectivityService.swift in Sources */,
				C531231826D3D10F0051F61F /* CreateUserView.swift in Sources */,
				A0668B7726D8EEAF00832A6C /* TestService.swift in Sources */,
				C5B88DE926DE3D4900BCBA9E /* NotesViewModel.swift in Sources */,
				C540CEBD2591FBB900D67A3B /* LoginViewModel.swift in Sources */,
				C5C394EA2590EA65004782B7 /* User.swift in Sources */,
				A0668B7226D8EE1600832A6C /* DataService.swift in Sources */,
				C5B88DF326DE5D8400BCBA9E /* AddNoteView.swift in Sources */,
				C531232426D4D2660051F61F /* EditView.swift in Sources */,
				C531232626D4D8470051F61F /* EditViewModel.swift in Sources */,
				C540CEBA2591F78E00D67A3B /* CreateUserViewController.swift in Sources */,
				C5BDBC992590A532003543B1 /* HomeViewController.swift in Sources */,
				C5BDBC752590A1B8003543B1 /* AppDelegate.swift in Sources */,
				EBB735C026D6634B00185C1B /* TypeAliases.swift in Sources */,
				C5B88DF026DE5B6A00BCBA9E /* Note.swift in Sources */,
				C5B88DE526DE3D2D00BCBA9E /* NotesViewController.swift in Sources */,
				C5BDBCA02590A5D2003543B1 /* AboutViewController.swift in Sources */,
				C5BDBC772590A1B8003543B1 /* SceneDelegate.swift in Sources */,
				C5B88DE326DE3CAD00BCBA9E /* NotesCoordinator.swift in Sources */,
			);
			runOnlyForDeploymentPostprocessing = 0;
		};
/* End PBXSourcesBuildPhase section */

/* Begin PBXVariantGroup section */
		C5BDBC7A2590A1B8003543B1 /* Main.storyboard */ = {
			isa = PBXVariantGroup;
			children = (
				C5BDBC7B2590A1B8003543B1 /* Base */,
			);
			name = Main.storyboard;
			sourceTree = "<group>";
		};
		C5BDBC7F2590A1B9003543B1 /* LaunchScreen.storyboard */ = {
			isa = PBXVariantGroup;
			children = (
				C5BDBC802590A1B9003543B1 /* Base */,
			);
			name = LaunchScreen.storyboard;
			sourceTree = "<group>";
		};
/* End PBXVariantGroup section */

/* Begin XCBuildConfiguration section */
		C5BDBC832590A1B9003543B1 /* Debug */ = {
			isa = XCBuildConfiguration;
			buildSettings = {
				ALWAYS_SEARCH_USER_PATHS = NO;
				CLANG_ANALYZER_NONNULL = YES;
				CLANG_ANALYZER_NUMBER_OBJECT_CONVERSION = YES_AGGRESSIVE;
				CLANG_CXX_LANGUAGE_STANDARD = "gnu++14";
				CLANG_CXX_LIBRARY = "libc++";
				CLANG_ENABLE_MODULES = YES;
				CLANG_ENABLE_OBJC_ARC = YES;
				CLANG_ENABLE_OBJC_WEAK = YES;
				CLANG_WARN_BLOCK_CAPTURE_AUTORELEASING = YES;
				CLANG_WARN_BOOL_CONVERSION = YES;
				CLANG_WARN_COMMA = YES;
				CLANG_WARN_CONSTANT_CONVERSION = YES;
				CLANG_WARN_DEPRECATED_OBJC_IMPLEMENTATIONS = YES;
				CLANG_WARN_DIRECT_OBJC_ISA_USAGE = YES_ERROR;
				CLANG_WARN_DOCUMENTATION_COMMENTS = YES;
				CLANG_WARN_EMPTY_BODY = YES;
				CLANG_WARN_ENUM_CONVERSION = YES;
				CLANG_WARN_INFINITE_RECURSION = YES;
				CLANG_WARN_INT_CONVERSION = YES;
				CLANG_WARN_NON_LITERAL_NULL_CONVERSION = YES;
				CLANG_WARN_OBJC_IMPLICIT_RETAIN_SELF = YES;
				CLANG_WARN_OBJC_LITERAL_CONVERSION = YES;
				CLANG_WARN_OBJC_ROOT_CLASS = YES_ERROR;
				CLANG_WARN_QUOTED_INCLUDE_IN_FRAMEWORK_HEADER = YES;
				CLANG_WARN_RANGE_LOOP_ANALYSIS = YES;
				CLANG_WARN_STRICT_PROTOTYPES = YES;
				CLANG_WARN_SUSPICIOUS_MOVE = YES;
				CLANG_WARN_UNGUARDED_AVAILABILITY = YES_AGGRESSIVE;
				CLANG_WARN_UNREACHABLE_CODE = YES;
				CLANG_WARN__DUPLICATE_METHOD_MATCH = YES;
				COPY_PHASE_STRIP = NO;
				DEBUG_INFORMATION_FORMAT = dwarf;
				ENABLE_STRICT_OBJC_MSGSEND = YES;
				ENABLE_TESTABILITY = YES;
				GCC_C_LANGUAGE_STANDARD = gnu11;
				GCC_DYNAMIC_NO_PIC = NO;
				GCC_NO_COMMON_BLOCKS = YES;
				GCC_OPTIMIZATION_LEVEL = 0;
				GCC_PREPROCESSOR_DEFINITIONS = (
					"DEBUG=1",
					"$(inherited)",
				);
				GCC_WARN_64_TO_32_BIT_CONVERSION = YES;
				GCC_WARN_ABOUT_RETURN_TYPE = YES_ERROR;
				GCC_WARN_UNDECLARED_SELECTOR = YES;
				GCC_WARN_UNINITIALIZED_AUTOS = YES_AGGRESSIVE;
				GCC_WARN_UNUSED_FUNCTION = YES;
				GCC_WARN_UNUSED_VARIABLE = YES;
				IPHONEOS_DEPLOYMENT_TARGET = 14.2;
				MTL_ENABLE_DEBUG_INFO = INCLUDE_SOURCE;
				MTL_FAST_MATH = YES;
				ONLY_ACTIVE_ARCH = YES;
				SDKROOT = iphoneos;
				SWIFT_ACTIVE_COMPILATION_CONDITIONS = DEBUG;
				SWIFT_OPTIMIZATION_LEVEL = "-Onone";
			};
			name = Debug;
		};
		C5BDBC842590A1B9003543B1 /* Release */ = {
			isa = XCBuildConfiguration;
			buildSettings = {
				ALWAYS_SEARCH_USER_PATHS = NO;
				CLANG_ANALYZER_NONNULL = YES;
				CLANG_ANALYZER_NUMBER_OBJECT_CONVERSION = YES_AGGRESSIVE;
				CLANG_CXX_LANGUAGE_STANDARD = "gnu++14";
				CLANG_CXX_LIBRARY = "libc++";
				CLANG_ENABLE_MODULES = YES;
				CLANG_ENABLE_OBJC_ARC = YES;
				CLANG_ENABLE_OBJC_WEAK = YES;
				CLANG_WARN_BLOCK_CAPTURE_AUTORELEASING = YES;
				CLANG_WARN_BOOL_CONVERSION = YES;
				CLANG_WARN_COMMA = YES;
				CLANG_WARN_CONSTANT_CONVERSION = YES;
				CLANG_WARN_DEPRECATED_OBJC_IMPLEMENTATIONS = YES;
				CLANG_WARN_DIRECT_OBJC_ISA_USAGE = YES_ERROR;
				CLANG_WARN_DOCUMENTATION_COMMENTS = YES;
				CLANG_WARN_EMPTY_BODY = YES;
				CLANG_WARN_ENUM_CONVERSION = YES;
				CLANG_WARN_INFINITE_RECURSION = YES;
				CLANG_WARN_INT_CONVERSION = YES;
				CLANG_WARN_NON_LITERAL_NULL_CONVERSION = YES;
				CLANG_WARN_OBJC_IMPLICIT_RETAIN_SELF = YES;
				CLANG_WARN_OBJC_LITERAL_CONVERSION = YES;
				CLANG_WARN_OBJC_ROOT_CLASS = YES_ERROR;
				CLANG_WARN_QUOTED_INCLUDE_IN_FRAMEWORK_HEADER = YES;
				CLANG_WARN_RANGE_LOOP_ANALYSIS = YES;
				CLANG_WARN_STRICT_PROTOTYPES = YES;
				CLANG_WARN_SUSPICIOUS_MOVE = YES;
				CLANG_WARN_UNGUARDED_AVAILABILITY = YES_AGGRESSIVE;
				CLANG_WARN_UNREACHABLE_CODE = YES;
				CLANG_WARN__DUPLICATE_METHOD_MATCH = YES;
				COPY_PHASE_STRIP = NO;
				DEBUG_INFORMATION_FORMAT = "dwarf-with-dsym";
				ENABLE_NS_ASSERTIONS = NO;
				ENABLE_STRICT_OBJC_MSGSEND = YES;
				GCC_C_LANGUAGE_STANDARD = gnu11;
				GCC_NO_COMMON_BLOCKS = YES;
				GCC_WARN_64_TO_32_BIT_CONVERSION = YES;
				GCC_WARN_ABOUT_RETURN_TYPE = YES_ERROR;
				GCC_WARN_UNDECLARED_SELECTOR = YES;
				GCC_WARN_UNINITIALIZED_AUTOS = YES_AGGRESSIVE;
				GCC_WARN_UNUSED_FUNCTION = YES;
				GCC_WARN_UNUSED_VARIABLE = YES;
				IPHONEOS_DEPLOYMENT_TARGET = 14.2;
				MTL_ENABLE_DEBUG_INFO = NO;
				MTL_FAST_MATH = YES;
				SDKROOT = iphoneos;
				SWIFT_COMPILATION_MODE = wholemodule;
				SWIFT_OPTIMIZATION_LEVEL = "-O";
				VALIDATE_PRODUCT = YES;
			};
			name = Release;
		};
		C5BDBC862590A1B9003543B1 /* Debug */ = {
			isa = XCBuildConfiguration;
			baseConfigurationReference = ADDAC08A9640B3AC4A176B31 /* Pods-TabBarCoordinatorApp.debug.xcconfig */;
			buildSettings = {
				ASSETCATALOG_COMPILER_APPICON_NAME = AppIcon;
				ASSETCATALOG_COMPILER_GLOBAL_ACCENT_COLOR_NAME = AccentColor;
				CODE_SIGN_STYLE = Automatic;
				DEVELOPMENT_TEAM = 4DDS45FZX3;
				INFOPLIST_FILE = TabBarCoordinatorApp/Info.plist;
				LD_RUNPATH_SEARCH_PATHS = (
					"$(inherited)",
					"@executable_path/Frameworks",
				);
				PRODUCT_BUNDLE_IDENTIFIER = com.Paste89.TabBarCoordinatorApp.TabBarCoordinatorApp;
				PRODUCT_NAME = "$(TARGET_NAME)";
				SWIFT_VERSION = 5.0;
				TARGETED_DEVICE_FAMILY = "1,2";
			};
			name = Debug;
		};
		C5BDBC872590A1B9003543B1 /* Release */ = {
			isa = XCBuildConfiguration;
			baseConfigurationReference = E6F62833C1AB050673AD1439 /* Pods-TabBarCoordinatorApp.release.xcconfig */;
			buildSettings = {
				ASSETCATALOG_COMPILER_APPICON_NAME = AppIcon;
				ASSETCATALOG_COMPILER_GLOBAL_ACCENT_COLOR_NAME = AccentColor;
				CODE_SIGN_STYLE = Automatic;
				DEVELOPMENT_TEAM = 4DDS45FZX3;
				INFOPLIST_FILE = TabBarCoordinatorApp/Info.plist;
				LD_RUNPATH_SEARCH_PATHS = (
					"$(inherited)",
					"@executable_path/Frameworks",
				);
				PRODUCT_BUNDLE_IDENTIFIER = com.Paste89.TabBarCoordinatorApp.TabBarCoordinatorApp;
				PRODUCT_NAME = "$(TARGET_NAME)";
				SWIFT_VERSION = 5.0;
				TARGETED_DEVICE_FAMILY = "1,2";
			};
			name = Release;
		};
/* End XCBuildConfiguration section */

/* Begin XCConfigurationList section */
		C5BDBC6C2590A1B8003543B1 /* Build configuration list for PBXProject "TabBarCoordinatorApp" */ = {
			isa = XCConfigurationList;
			buildConfigurations = (
				C5BDBC832590A1B9003543B1 /* Debug */,
				C5BDBC842590A1B9003543B1 /* Release */,
			);
			defaultConfigurationIsVisible = 0;
			defaultConfigurationName = Release;
		};
		C5BDBC852590A1B9003543B1 /* Build configuration list for PBXNativeTarget "TabBarCoordinatorApp" */ = {
			isa = XCConfigurationList;
			buildConfigurations = (
				C5BDBC862590A1B9003543B1 /* Debug */,
				C5BDBC872590A1B9003543B1 /* Release */,
			);
			defaultConfigurationIsVisible = 0;
			defaultConfigurationName = Release;
		};
/* End XCConfigurationList section */
	};
	rootObject = C5BDBC692590A1B8003543B1 /* Project object */;
}
